
Microsoft Visual Studio Solution File, Format Version 12.00
# Visual Studio Version 17
VisualStudioVersion = 17.9.34723.18
MinimumVisualStudioVersion = 10.0.40219.1
Project("{FAE04EC0-301F-11D3-BF4B-00C04F79EFBC}") = "wGestorPaqueteria", "wGestorPaqueteria\wGestorPaqueteria.csproj", "{0DEC230E-F3B4-4F1E-8DB4-4C45BE16545B}"
EndProject
Global
	GlobalSection(SolutionConfigurationPlatforms) = preSolution
		Debug|Any CPU = Debug|Any CPU
		Release|Any CPU = Release|Any CPU
	EndGlobalSection
	GlobalSection(ProjectConfigurationPlatforms) = postSolution
		{0DEC230E-F3B4-4F1E-8DB4-4C45BE16545B}.Debug|Any CPU.ActiveCfg = Debug|Any CPU
		{0DEC230E-F3B4-4F1E-8DB4-4C45BE16545B}.Debug|Any CPU.Build.0 = Debug|Any CPU
		{0DEC230E-F3B4-4F1E-8DB4-4C45BE16545B}.Release|Any CPU.ActiveCfg = Release|Any CPU
		{0DEC230E-F3B4-4F1E-8DB4-4C45BE16545B}.Release|Any CPU.Build.0 = Release|Any CPU
	EndGlobalSection
	GlobalSection(SolutionProperties) = preSolution
		HideSolutionNode = FALSE
	EndGlobalSection
	GlobalSection(ExtensibilityGlobals) = postSolution
		SolutionGuid = {0C2257F3-720E-4512-BA3D-D205886C54F1}
	EndGlobalSection
EndGlobal
